
Microsoft Visual Studio Solution File, Format Version 10.00
# Visual Studio 2008
Project("{FAE04EC0-301F-11D3-BF4B-00C04F79EFBC}") = "NatureConservatory", "NatureConservatory\NatureConservatory.csproj", "{BC1C1089-73F2-4361-8978-D77947D71177}"
EndProject
Global
	GlobalSection(SolutionConfigurationPlatforms) = preSolution
		Debug|Any CPU = Debug|Any CPU
		Release|Any CPU = Release|Any CPU
	EndGlobalSection
	GlobalSection(ProjectConfigurationPlatforms) = postSolution
		{BC1C1089-73F2-4361-8978-D77947D71177}.Debug|Any CPU.ActiveCfg = Debug|Any CPU
		{BC1C1089-73F2-4361-8978-D77947D71177}.Debug|Any CPU.Build.0 = Debug|Any CPU
		{BC1C1089-73F2-4361-8978-D77947D71177}.Release|Any CPU.ActiveCfg = Release|Any CPU
		{BC1C1089-73F2-4361-8978-D77947D71177}.Release|Any CPU.Build.0 = Release|Any CPU
	EndGlobalSection
	GlobalSection(SolutionProperties) = preSolution
		HideSolutionNode = FALSE
	EndGlobalSection
EndGlobal
